<Project xmlns="http://schemas.microsoft.com/developer/msbuild/2003">
    <PropertyGroup>
        <ProjectGuid>{436E2CCE-115E-475F-9C3E-19C03F70A4D0}</ProjectGuid>
        <MainSource>Roomer.dpr</MainSource>
        <Config Condition="'$(Config)'==''">Debug</Config>
        <DCC_DCCCompiler>DCC32</DCC_DCCCompiler>
        <ProjectVersion>14.3</ProjectVersion>
        <FrameworkType>VCL</FrameworkType>
        <Base>True</Base>
        <Platform Condition="'$(Platform)'==''">Win32</Platform>
        <TargetedPlatforms>1</TargetedPlatforms>
        <AppType>Application</AppType>
    </PropertyGroup>
    <PropertyGroup Condition="'$(Config)'=='Base' or '$(Base)'!=''">
        <Base>true</Base>
    </PropertyGroup>
    <PropertyGroup Condition="('$(Platform)'=='Win32' and '$(Base)'=='true') or '$(Base_Win32)'!=''">
        <Base_Win32>true</Base_Win32>
        <CfgParent>Base</CfgParent>
        <Base>true</Base>
    </PropertyGroup>
    <PropertyGroup Condition="('$(Platform)'=='Win64' and '$(Base)'=='true') or '$(Base_Win64)'!=''">
        <Base_Win64>true</Base_Win64>
        <CfgParent>Base</CfgParent>
        <Base>true</Base>
    </PropertyGroup>
    <PropertyGroup Condition="'$(Config)'=='Release' or '$(Cfg_1)'!=''">
        <Cfg_1>true</Cfg_1>
        <CfgParent>Base</CfgParent>
        <Base>true</Base>
    </PropertyGroup>
    <PropertyGroup Condition="('$(Platform)'=='Win32' and '$(Cfg_1)'=='true') or '$(Cfg_1_Win32)'!=''">
        <Cfg_1_Win32>true</Cfg_1_Win32>
        <CfgParent>Cfg_1</CfgParent>
        <Cfg_1>true</Cfg_1>
        <Base>true</Base>
    </PropertyGroup>
    <PropertyGroup Condition="'$(Config)'=='Debug' or '$(Cfg_2)'!=''">
        <Cfg_2>true</Cfg_2>
        <CfgParent>Base</CfgParent>
        <Base>true</Base>
    </PropertyGroup>
    <PropertyGroup Condition="('$(Platform)'=='Win32' and '$(Cfg_2)'=='true') or '$(Cfg_2_Win32)'!=''">
        <Cfg_2_Win32>true</Cfg_2_Win32>
        <CfgParent>Cfg_2</CfgParent>
        <Cfg_2>true</Cfg_2>
        <Base>true</Base>
    </PropertyGroup>
    <PropertyGroup Condition="'$(Config)'=='DebugBas' or '$(Cfg_3)'!=''">
        <Cfg_3>true</Cfg_3>
        <CfgParent>Base</CfgParent>
        <Base>true</Base>
    </PropertyGroup>
    <PropertyGroup Condition="('$(Platform)'=='Win32' and '$(Cfg_3)'=='true') or '$(Cfg_3_Win32)'!=''">
        <Cfg_3_Win32>true</Cfg_3_Win32>
        <CfgParent>Cfg_3</CfgParent>
        <Cfg_3>true</Cfg_3>
        <Base>true</Base>
    </PropertyGroup>
    <PropertyGroup Condition="'$(Config)'=='ProfilingBas' or '$(Cfg_5)'!=''">
        <Cfg_5>true</Cfg_5>
        <CfgParent>Cfg_3</CfgParent>
        <Cfg_3>true</Cfg_3>
        <Base>true</Base>
    </PropertyGroup>
    <PropertyGroup Condition="('$(Platform)'=='Win32' and '$(Cfg_5)'=='true') or '$(Cfg_5_Win32)'!=''">
        <Cfg_5_Win32>true</Cfg_5_Win32>
        <CfgParent>Cfg_5</CfgParent>
        <Cfg_5>true</Cfg_5>
        <Cfg_3>true</Cfg_3>
        <Base>true</Base>
    </PropertyGroup>
    <PropertyGroup Condition="'$(Config)'=='releaseBas' or '$(Cfg_4)'!=''">
        <Cfg_4>true</Cfg_4>
        <CfgParent>Base</CfgParent>
        <Base>true</Base>
    </PropertyGroup>
    <PropertyGroup Condition="('$(Platform)'=='Win32' and '$(Cfg_4)'=='true') or '$(Cfg_4_Win32)'!=''">
        <Cfg_4_Win32>true</Cfg_4_Win32>
        <CfgParent>Cfg_4</CfgParent>
        <Cfg_4>true</Cfg_4>
        <Base>true</Base>
    </PropertyGroup>
    <PropertyGroup Condition="'$(Config)'=='DebugBjorn' or '$(Cfg_6)'!=''">
        <Cfg_6>true</Cfg_6>
        <CfgParent>Base</CfgParent>
        <Base>true</Base>
    </PropertyGroup>
    <PropertyGroup Condition="('$(Platform)'=='Win32' and '$(Cfg_6)'=='true') or '$(Cfg_6_Win32)'!=''">
        <Cfg_6_Win32>true</Cfg_6_Win32>
        <CfgParent>Cfg_6</CfgParent>
        <Cfg_6>true</Cfg_6>
        <Base>true</Base>
    </PropertyGroup>
    <PropertyGroup Condition="'$(Base)'!=''">
        <DCC_Define>roomerstore;$(DCC_Define)</DCC_Define>
        <Icon_MainIcon>Roomer_Icon1.ico</Icon_MainIcon>
        <Manifest_File>None</Manifest_File>
        <DCC_UnitSearchPath>..\kbmMemTable\Source;RoomerVCLs\Source;RoomerVCLs\http;Extras\NativeXml407\nativexml;Extras\NativeXml407\general;RoomerVCLs\Source ;Extras\DragDrop\Source;FastMM;$(DCC_UnitSearchPath)</DCC_UnitSearchPath>
        <DCC_ImageBase>00400000</DCC_ImageBase>
        <VerInfo_Keys>CompanyName=Promoir BV;FileDescription=Roomer PMS;FileVersion=1.9.6.2;InternalName=;LegalCopyright=(C) 2013, 2014, 2015, 2016 Promoir BV;LegalTrademarks=Roomer is a Registered Trademark of Promoir BV;OriginalFilename=Roomer.exe;ProductName=Roomer Open Hospitality Platform;ProductVersion=1.9.6.2;Comments=;ExtraBuild=160704;PrivateBuild=</VerInfo_Keys>
        <VerInfo_Locale>1039</VerInfo_Locale>
        <VerInfo_MinorVer>9</VerInfo_MinorVer>
        <VerInfo_AutoGenVersion>true</VerInfo_AutoGenVersion>
        <DCC_Namespace>Vcl;Vcl.Imaging;Vcl.Touch;Vcl.Samples;Vcl.Shell;System;Xml;Data;Datasnap;Web;Soap;Winapi;VCLTee;Data.Win;System.Win;Bde;FMX;$(DCC_Namespace)</DCC_Namespace>
        <VerInfo_IncludeVerInfo>true</VerInfo_IncludeVerInfo>
        <VerInfo_Release>6</VerInfo_Release>
        <VerInfo_Build>2</VerInfo_Build>
        <DCC_StrictVarStrings>false</DCC_StrictVarStrings>
        <DCC_UsePackage>vclx;vcl;vclimg;dbrtl;bdertl;rtl;vclactnband;vcldb;vcltouch;xmlrtl;dsnap;dsnapcon;TeeUI;TeeDB;Tee;vclib;ibxpress;adortl;IndyCore;IndySystem;IndyProtocols;inet;intrawebdb_100_140;Intraweb_100_140;VclSmp;vclie;websnap;webdsnap;inetdb;inetdbbde;inetdbxpress;soaprtl;vclribbon;dbexpress;DbxCommonDriver;DbxClientDriver;DBXInterBaseDriver;DBXMySQLDriver;dbxcds;DBXFirebirdDriver;DBXSybaseASEDriver;DBXSybaseASADriver;DBXOracleDriver;DBXMSSQLDriver;DBXInformixDriver;DBXDb2Driver;tmsexd2010;tmsd2010;FlexCel2010;Vsfd2010;lmdrtl10rt_140;lmdrtlx10rt_140;lmdinspector10rt_140;lmdthemes10rt_140;lmdprint10rt_140;lmdplugin10rt_140;lmdcore10rt_140;lmdgrid10rt_140;lmdtools10rt_140;lmdtoolsdb10rt_140;lmdtxt10rt_140;lmdtxtdb10rt_140;lmdrtf10rt_140;lmdrtfdb10rt_140;lmdshell10rt_140;lmdsys10rt_140;lmdweb10rt_140;lmdsearchdb10rt_140;lmdsearch10rt_140;lmdbar10rt_140;lmdchart10rt_140;lmdchartdb10rt_140;lmdstorage10rt_140;lmdfx10rt_140;lmddocking10rt_140;lmdscriptimp10rt_140;lmdscript10rt_140;lmdsyntax10rt_140;lmddesign10rt_140;lmdide10rt_140;lmdelcore10rt_140;lmdeldb10rt_140;lmdelpro10rt_140;fs14;frx14;fsDB14;frxDB14;fsBDE14;frxBDE14;fsADO14;frxADO14;fsIBX14;frxIBX14;frxDBX14;frxe14;fsTee14;frxTee14;frcd14;fcd14;ipstudiowindataset;ipstudiowin;CPortLib12;dclOfficeXP;kbmMemRunD2010Std;Jcl;JclVcl;JvCoreD14R;JvSystemD14R;JvStdCtrlsD14R;JvAppFrmD14R;JvBandsD14R;JvDBD14R;JvDlgsD14R;JvBDED14R;JvCmpD14R;JvCryptD14R;JvCtrlsD14R;JvCustomD14R;JvDockingD14R;JvDotNetCtrlsD14R;JvEDID14R;JvGlobusD14R;JvHMID14R;JvInterpreterD14R;JvJansD14R;JvManagedThreadsD14R;JvMMD14R;JvNetD14R;JvPageCompsD14R;JvPluginD14R;JvPrintPreviewD14R;JvRuntimeDesignD14R;JvTimeFrameworkD14R;JvValidatorsD14R;JvWizardD14R;JvXPCtrlsD14R;tmsxlsd2010;tmswizd2010;vacommPkgD2010;vcwd2010;TMSASPGRIDD2010;cetoolspkgd2010;advchartd2010;TMSUnicodeD2010;tb2k_d12;S404_r140;S404br140;TSNumbersEdit;SendMail2010;ipstudiowinwordxp;dxCoreD14;cxLibraryD14;dxsbD14;dxComnD14;cxEditorsD14;cxExtEditorsD14;cxPageControlD14;cxBarEditItemD14;dxBarD14;dxBarDBNavD14;dxBarExtDBItemsD14;dxBarExtItemsD14;dxRibbonD14;cxGridD14;cxSchedulerD14;cxSchedulerGridD14;cxTreeListD14;cxTreeListdxBarPopupMenuD14;dxLayoutControlD14;cxVerticalGridD14;dxmdsD14;dxSpellCheckerD14;cxSpreadSheetD14;dxDockingD14;dxNavBarD14;cxPivotGridD14;cxPivotGridChartD14;cxPivotGridOLAPD14;dxdbtrD14;dxtrmdD14;dxorgcD14;dxdborD14;dxFlowChartD14;dcldxSkinsCoreD14;dxSkinsCoreD14;dxSkinscxPCPainterD14;dxSkinscxScheduler3PainterD14;dxSkinsdxBarPainterD14;dxSkinsdxNavBar2PainterD14;dxSkinBlackD14;dxSkinBlueD14;dxSkinCaramelD14;dxSkinCoffeeD14;dxSkinDarkRoomD14;dxSkinDarkSideD14;dxSkinFoggyD14;dxSkinGlassOceansD14;dxSkiniMaginaryD14;dxSkinLilianD14;dxSkinLiquidSkyD14;dxSkinLondonLiquidSkyD14;dxSkinMcSkinD14;dxSkinMoneyTwinsD14;dxSkinOffice2007BlackD14;dxSkinOffice2007BlueD14;dxSkinOffice2007GreenD14;dxSkinOffice2007PinkD14;dxSkinOffice2007SilverD14;dxSkinPumpkinD14;dxSkinsdxDLPainterD14;dxSkinsdxRibbonPainterD14;dxSkinSevenD14;dxSkinSharpD14;dxSkinSilverD14;dxSkinSpringTimeD14;dxSkinStardustD14;dxSkinSummer2008D14;dxSkinValentineD14;dxSkinXmas2008BlueD14;dxPSCoreD14;dxPScxCommonD14;dxPScxExtCommonD14;dxPScxGrid6LnkD14;dxPScxPivotGrid2LnkD14;dxPScxScheduler3LnkD14;dxPScxSSLnkD14;dxPScxTL5LnkD14;dxPScxVGridLnkD14;dxPSTeeChartD14;dxPSdxDBOCLnkD14;dxPSdxDBTVLnkD14;dxPSdxFCLnkD14;dxPSdxLC2LnkD14;dxPSdxOCLnkD14;dxPSLnksD14;dxPSDBTeeChartD14;dxPScxPCProdD14;dxPsPrVwAdvD14;dxPSPrVwRibbonD14;PKIECtrl14;PKIEDB14;TSSUID2010;TSSCoreD2010;$(DCC_UsePackage)</DCC_UsePackage>
        <DCC_BplOutput>C:\Temp\dcu</DCC_BplOutput>
        <DCC_DcuOutput>C:\Temp\dcu</DCC_DcuOutput>
        <DCC_DcpOutput>C:\Temp\dcu</DCC_DcpOutput>
        <DCC_DependencyCheckOutputName>C:\Program Files\beryl\Home\HOME.exe</DCC_DependencyCheckOutputName>
        <DCC_WriteableConstants>true</DCC_WriteableConstants>
        <DCC_Platform>x86</DCC_Platform>
    </PropertyGroup>
    <PropertyGroup Condition="'$(Base_Win32)'!=''">
        <DCC_UsePackage>svnui;svn;dxCoreRS17;cxLibraryRS17;dxGDIPlusRS17;dxThemeRS17;dxSkinsCoreRS17;dxSkinTheAsphaltWorldRS17;frxADO16;$(DCC_UsePackage)</DCC_UsePackage>
        <DCC_Namespace>Datasnap.Win;Web.Win;Soap.Win;Xml.Win;$(DCC_Namespace)</DCC_Namespace>
        <Manifest_File>$(BDS)\bin\default_app.manifest</Manifest_File>
        <VerInfo_Locale>1033</VerInfo_Locale>
    </PropertyGroup>
    <PropertyGroup Condition="'$(Base_Win64)'!=''">
        <DCC_UsePackage>dxCoreRS17;cxLibraryRS17;dxGDIPlusRS17;dxThemeRS17;dxSkinsCoreRS17;dxSkinTheAsphaltWorldRS17;$(DCC_UsePackage)</DCC_UsePackage>
        <Icon_MainIcon>HOME_Icon2.ico</Icon_MainIcon>
        <Manifest_File>$(BDS)\bin\default_app.manifest</Manifest_File>
    </PropertyGroup>
    <PropertyGroup Condition="'$(Cfg_1)'!=''">
        <VerInfo_Keys>CompanyName=Promoir BV;FileDescription=Roomer PMS;FileVersion=1.9.8.2;InternalName=;LegalCopyright=(C) 2013, 2014, 2015, 2016 Promoir BV;LegalTrademarks=Roomer is a Registered Trademark of Promoir BV;OriginalFilename=Roomer.exe;ProductName=Roomer Open Hospitality Platform;ProductVersion=1.9.8.2;Comments=;ExtraBuild=160927;PrivateBuild=</VerInfo_Keys>
        <VerInfo_AutoGenVersion>false</VerInfo_AutoGenVersion>
        <VerInfo_Release>8</VerInfo_Release>
        <VerInfo_Locale>1033</VerInfo_Locale>
        <DCC_MaxStackSize>1176576</DCC_MaxStackSize>
        <DCC_LocalDebugSymbols>false</DCC_LocalDebugSymbols>
        <DCC_Hints>false</DCC_Hints>
        <DCC_Warnings>false</DCC_Warnings>
        <DCC_SymbolReferenceInfo>0</DCC_SymbolReferenceInfo>
        <DCC_DebugInformation>false</DCC_DebugInformation>
        <DCC_Define>_ROOMERSSL;TRANSLATION_ACTIVE;$(DCC_Define)</DCC_Define>
    </PropertyGroup>
    <PropertyGroup Condition="'$(Cfg_1_Win32)'!=''">
        <VerInfo_Keys>CompanyName=Promoir BV;FileDescription=Roomer PMS;FileVersion=1.9.8.2;InternalName=;LegalCopyright=(C) 2013, 2014, 2015, 2016 Promoir BV;LegalTrademarks=Roomer is a Registered Trademark of Promoir BV;OriginalFilename=Roomer.exe;ProductName=Roomer Open Hospitality Platform;ProductVersion=1.9.8.2;Comments=;ExtraBuild=161008;PrivateBuild=</VerInfo_Keys>
        <VerInfo_PreRelease>true</VerInfo_PreRelease>
        <VerInfo_Private>true</VerInfo_Private>
        <DCC_ExeOutput>$(ROOMER_RELEASE_DIR)</DCC_ExeOutput>
        <Manifest_File>$(BDS)\bin\default_app.manifest</Manifest_File>
        <DCC_BplOutput>dck\</DCC_BplOutput>
        <DCC_Define>RELEASE;$(DCC_Define)</DCC_Define>
    </PropertyGroup>
    <PropertyGroup Condition="'$(Cfg_2)'!=''">
        <DCC_ExeOutput>$(ROOMER_DEBUG_DIR)</DCC_ExeOutput>
        <DCC_OutputXMLDocumentation>true</DCC_OutputXMLDocumentation>
        <DCC_DebugInformation>true</DCC_DebugInformation>
        <DCC_Define>DEBUG;TRANSLATION_ACTIVE;TRANSLATION_EXCEPTIONS_ACTIVE;$(DCC_Define)</DCC_Define>
    </PropertyGroup>
    <PropertyGroup Condition="'$(Cfg_2_Win32)'!=''">
        <VerInfo_Release>8</VerInfo_Release>
        <DCC_DebugDCUs>true</DCC_DebugDCUs>
        <VerInfo_Keys>CompanyName=Promoir BV;FileDescription=Roomer PMS;FileVersion=1.9.8.2;InternalName=;LegalCopyright=(C) 2013, 2014, 2015, 2016 Promoir BV;LegalTrademarks=Roomer is a Registered Trademark of Promoir BV;OriginalFilename=Roomer.exe;ProductName=Roomer Open Hospitality Platform;ProductVersion=1.9.8.2;Comments=;ExtraBuild=160927;PrivateBuild=</VerInfo_Keys>
        <DCC_Define>ROOMERSSL;$(DCC_Define)</DCC_Define>
        <Manifest_File>$(BDS)\bin\default_app.manifest</Manifest_File>
        <DCC_SYMBOL_DEPRECATED>false</DCC_SYMBOL_DEPRECATED>
        <DCC_UNIT_DEPRECATED>false</DCC_UNIT_DEPRECATED>
        <DCC_Hints>false</DCC_Hints>
        <DCC_SYMBOL_PLATFORM>false</DCC_SYMBOL_PLATFORM>
        <BCC_DebugLineNumbers>true</BCC_DebugLineNumbers>
        <BCC_SourceDebuggingOn>true</BCC_SourceDebuggingOn>
        <ILINK_FullDebugInfo>true</ILINK_FullDebugInfo>
        <DCC_DcuOutput>C:\Temp\dcu\</DCC_DcuOutput>
        <DCC_DcpOutput>C:\Temp\dcu\</DCC_DcpOutput>
        <VerInfo_Debug>true</VerInfo_Debug>
        <VerInfo_Locale>1033</VerInfo_Locale>
        <VerInfo_AutoGenVersion>false</VerInfo_AutoGenVersion>
    </PropertyGroup>
    <PropertyGroup Condition="'$(Cfg_3)'!=''">
        <DCC_MapFile>3</DCC_MapFile>
        <DCC_RemoteDebug>true</DCC_RemoteDebug>
        <DCC_Optimize>false</DCC_Optimize>
        <DCC_Define>Debug;$(DCC_Define)</DCC_Define>
        <DCC_DcpOutput>_dcu</DCC_DcpOutput>
        <DCC_ExeOutput>_bin\$(Platform)</DCC_ExeOutput>
        <DCC_DcuOutput>_dcu</DCC_DcuOutput>
    </PropertyGroup>
    <PropertyGroup Condition="'$(Cfg_3_Win32)'!=''">
        <VerInfo_MajorVer>2</VerInfo_MajorVer>
        <VerInfo_Release>0</VerInfo_Release>
        <VerInfo_AutoGenVersion>false</VerInfo_AutoGenVersion>
        <VerInfo_Keys>CompanyName=Promoir BV;FileDescription=Roomer PMS;FileVersion=2.0.0.0;InternalName=;LegalCopyright=(C) 2013, 2014, 2015, 2016 Promoir BV;LegalTrademarks=Roomer is a Registered Trademark of Promoir BV;OriginalFilename=Roomer.exe;ProductName=Roomer Open Hospitality Platform;ProductVersion=2.0.0.0;Comments=;ExtraBuild=160628;PrivateBuild=</VerInfo_Keys>
        <VerInfo_MinorVer>0</VerInfo_MinorVer>
        <VerInfo_Debug>true</VerInfo_Debug>
        <DCC_DebugDCUs>true</DCC_DebugDCUs>
        <DCC_SYMBOL_PLATFORM>false</DCC_SYMBOL_PLATFORM>
        <VerInfo_Locale>1033</VerInfo_Locale>
        <Manifest_File>$(BDS)\bin\default_app.manifest</Manifest_File>
        <VerInfo_Build>0</VerInfo_Build>
    </PropertyGroup>
    <PropertyGroup Condition="'$(Cfg_5_Win32)'!=''">
        <VerInfo_MinorVer>0</VerInfo_MinorVer>
        <VerInfo_Debug>true</VerInfo_Debug>
        <VerInfo_MajorVer>2</VerInfo_MajorVer>
        <VerInfo_Build>0</VerInfo_Build>
        <VerInfo_Release>0</VerInfo_Release>
        <VerInfo_Keys>CompanyName=Promoir BV;FileDescription=Roomer PMS;FileVersion=2.0.0.0;InternalName=;LegalCopyright=(C) 2013, 2014, 2015, 2016 Promoir BV;LegalTrademarks=Roomer is a Registered Trademark of Promoir BV;OriginalFilename=Roomer.exe;ProductName=Roomer Open Hospitality Platform;ProductVersion=2.0.0.0;Comments=;ExtraBuild=160628;PrivateBuild=</VerInfo_Keys>
        <Manifest_File>$(BDS)\bin\default_app.manifest</Manifest_File>
        <VerInfo_AutoGenVersion>false</VerInfo_AutoGenVersion>
        <VerInfo_Locale>1033</VerInfo_Locale>
        <DCC_DebugInfoInExe>true</DCC_DebugInfoInExe>
    </PropertyGroup>
    <PropertyGroup Condition="'$(Cfg_4)'!=''">
        <VerInfo_Build>4</VerInfo_Build>
        <VerInfo_Release>7</VerInfo_Release>
        <VerInfo_Keys>CompanyName=Promoir BV;FileDescription=Roomer PMS;FileVersion=1.9.7.4;InternalName=;LegalCopyright=(C) 2013, 2014, 2015, 2016 Promoir BV;LegalTrademarks=Roomer is a Registered Trademark of Promoir BV;OriginalFilename=Roomer.exe;ProductName=Roomer Open Hospitality Platform;ProductVersion=1.9.7.4;Comments=;ExtraBuild=160907;PrivateBuild=</VerInfo_Keys>
        <VerInfo_AutoGenVersion>false</VerInfo_AutoGenVersion>
        <DCC_ExeOutput>_bin\$(Platform)</DCC_ExeOutput>
        <DCC_DcpOutput>_dcu</DCC_DcpOutput>
        <DCC_DcuOutput>_dcu</DCC_DcuOutput>
        <DCC_DebugInformation>false</DCC_DebugInformation>
        <DCC_AssertionsAtRuntime>false</DCC_AssertionsAtRuntime>
    </PropertyGroup>
    <PropertyGroup Condition="'$(Cfg_4_Win32)'!=''">
        <VerInfo_Release>8</VerInfo_Release>
        <VerInfo_Keys>CompanyName=Promoir BV;FileDescription=Roomer PMS;FileVersion=1.9.8.0;InternalName=;LegalCopyright=(C) 2013, 2014, 2015, 2016 Promoir BV;LegalTrademarks=Roomer is a Registered Trademark of Promoir BV;OriginalFilename=Roomer.exe;ProductName=Roomer Open Hospitality Platform;ProductVersion=1.9.8.0;Comments=;ExtraBuild=160921;PrivateBuild=</VerInfo_Keys>
        <VerInfo_Private>true</VerInfo_Private>
        <Manifest_File>$(BDS)\bin\default_app.manifest</Manifest_File>
        <VerInfo_PreRelease>true</VerInfo_PreRelease>
        <VerInfo_Build>0</VerInfo_Build>
        <VerInfo_Locale>1033</VerInfo_Locale>
    </PropertyGroup>
    <PropertyGroup Condition="'$(Cfg_6)'!=''">
        <DCC_ExeOutput>$(ROOMER_DEBUG_DIR)</DCC_ExeOutput>
        <DCC_Define>DEBUG;TRANSLATION_ACTIVE;TRANSLATION_EXCEPTIONS_ACTIVE;ACTIVE_PAYMENTS;$(DCC_Define)</DCC_Define>
    </PropertyGroup>
    <PropertyGroup Condition="'$(Cfg_6_Win32)'!=''">
        <Manifest_File>$(BDS)\bin\default_app.manifest</Manifest_File>
        <VerInfo_Locale>1033</VerInfo_Locale>
    </PropertyGroup>
    <ItemGroup>
        <DelphiCompile Include="$(MainSource)">
            <MainSource>MainSource</MainSource>
        </DelphiCompile>
        <DCCReference Include="FastMM\FastMM4.pas"/>
        <DCCReference Include="uMain.pas">
            <Form>frmMain</Form>
        </DCCReference>
        <DCCReference Include="uReservationObjects.pas"/>
        <DCCReference Include="uAppGlobal.pas"/>
        <DCCReference Include="uPriceOBJ.pas"/>
        <DCCReference Include="uProvideARoom2.pas">
            <Form>frmProvideARoom2</Form>
        </DCCReference>
        <DCCReference Include="Invoice\uInvoice.pas">
            <Form>frmInvoice</Form>
        </DCCReference>
        <DCCReference Include="uReservationProfile.pas">
            <Form>frmReservationProfile</Form>
        </DCCReference>
        <DCCReference Include="uInvoicePayment.pas">
            <Form>frmInvoicePayment</Form>
        </DCCReference>
        <DCCReference Include="uControlData.pas">
            <Form>frmControlData</Form>
        </DCCReference>
        <DCCReference Include="uAvailability.pas"/>
        <DCCReference Include="uFinishedInvoices2.pas">
            <Form>frmFinishedInvoices2</Form>
        </DCCReference>
        <DCCReference Include="uCreditPrompt.pas">
            <Form>frmCreditPrompt</Form>
        </DCCReference>
        <DCCReference Include="uInvoiceList.pas">
            <Form>frmInvoiceList</Form>
        </DCCReference>
        <DCCReference Include="uDReportData.pas">
            <Form>DReportData</Form>
            <DesignClass>TDataModule</DesignClass>
        </DCCReference>
        <DCCReference Include="uD.pas">
            <Form>forceoffline</Form>
            <DesignClass>TDataModule</DesignClass>
        </DCCReference>
        <DCCReference Include="uG.pas"/>
        <DCCReference Include="uConverts.pas">
            <Form>frmConverts</Form>
        </DCCReference>
        <DCCReference Include="ufrmSelLang.pas">
            <Form>frmSelLang</Form>
        </DCCReference>
        <DCCReference Include="uMaidActions.pas">
            <Form>frmMaidActions</Form>
        </DCCReference>
        <DCCReference Include="uMaidActionsEdit.pas">
            <Form>frmMaidActionsEdit</Form>
        </DCCReference>
        <DCCReference Include="uInvoiceSummeryOBJ.pas"/>
        <DCCReference Include="uRoomDatesOBJ.pas"/>
        <DCCReference Include="uRoomReservationOBJ.pas"/>
        <DCCReference Include="uRoomDateProblem.pas">
            <Form>frmRoomDateProblem</Form>
        </DCCReference>
        <DCCReference Include="uResProblem.pas">
            <Form>frmResProblem</Form>
        </DCCReference>
        <DCCReference Include="uDayFinical.pas">
            <Form>frmDayFinical</Form>
        </DCCReference>
        <DCCReference Include="uConvertGroups.pas">
            <Form>frmConvertGroups</Form>
        </DCCReference>
        <DCCReference Include="uInvoiceList2.pas">
            <Form>frmInvoiceList2</Form>
        </DCCReference>
        <DCCReference Include="uDayNotes.pas">
            <Form>frmDayNotes</Form>
        </DCCReference>
        <DCCReference Include="uChangeRRdates.pas">
            <Form>frmChangeRRdates</Form>
        </DCCReference>
        <DCCReference Include="uChangeRate.pas">
            <Form>frmChangeRate</Form>
        </DCCReference>
        <DCCReference Include="uOpenInvoicesNew.pas">
            <Form>frmOpenInvoicesNew</Form>
        </DCCReference>
        <DCCReference Include="uResMemos.pas">
            <Form>frmResMemos</Form>
        </DCCReference>
        <DCCReference Include="uHomeDate.pas">
            <Form>frmHomedate</Form>
        </DCCReference>
        <DCCReference Include="uGoToRoomAndDate.pas">
            <Form>frmGoToRoomandDate</Form>
        </DCCReference>
        <DCCReference Include="uHiddenInfo.pas">
            <Form>frmHiddenInfo</Form>
        </DCCReference>
        <DCCReference Include="objPosSale.pas"/>
        <DCCReference Include="uDownPayment.pas">
            <Form>frmDownPayment</Form>
        </DCCReference>
        <DCCReference Include="Extras\_Glob.pas"/>
        <DCCReference Include="uLodgingTaxReport2.pas">
            <Form>frmLodgingTaxReport2</Form>
        </DCCReference>
        <DCCReference Include="uCancelReservation3.pas">
            <Form>frmCancelReservation3</Form>
        </DCCReference>
        <DCCReference Include="uCancelReservation2.pas">
            <Form>frmCancelReservation2</Form>
        </DCCReference>
        <DCCReference Include="uAddAccommodation.pas">
            <Form>frmAddAccommodation</Form>
        </DCCReference>
        <DCCReference Include="objRoomList2.pas"/>
        <DCCReference Include="objDayFreeRooms.pas"/>
        <DCCReference Include="uCountries.pas">
            <Form>frmCountries</Form>
        </DCCReference>
        <DCCReference Include="uPayGroups.pas">
            <Form>frmPayGroups</Form>
        </DCCReference>
        <DCCReference Include="uPriceCodes.pas">
            <Form>frmPriceCodes</Form>
        </DCCReference>
        <DCCReference Include="uGuestProfile2.pas">
            <Form>frmGuestProfile2</Form>
        </DCCReference>
        <DCCReference Include="uPayTypes.pas">
            <Form>frmPayTypes</Form>
        </DCCReference>
        <DCCReference Include="uCountryGroups.pas">
            <Form>frmCountryGroups</Form>
        </DCCReference>
        <DCCReference Include="uChannelPlanCodes.pas">
            <Form>frmChannelPlanCodes</Form>
        </DCCReference>
        <DCCReference Include="objRoomTypeRoomCount.pas"/>
        <DCCReference Include="uRebuildReservationStats.pas">
            <Form>frmRebuildReservationStats</Form>
        </DCCReference>
        <DCCReference Include="uMakeReservationQuick.pas">
            <Form>frmMakeReservationQuick</Form>
        </DCCReference>
        <DCCReference Include="objNewReservation.pas"/>
        <DCCReference Include="objHomeCustomer.pas"/>
        <DCCReference Include="objRoomRates.pas"/>
        <DCCReference Include="uSplashRoomer.pas">
            <Form>frmRoomerSplash</Form>
        </DCCReference>
        <DCCReference Include="RoomerLoginForm.pas">
            <Form>frmRoomerLoginForm</Form>
        </DCCReference>
        <DCCReference Include="uAboutRoomer.pas">
            <Form>frmAboutRoomer</Form>
        </DCCReference>
        <DCCReference Include="uManageFilesOnServer.pas">
            <Form>frmManageFilesOnServer</Form>
        </DCCReference>
        <DCCReference Include="uChannelAvailabilityManager.pas">
            <Form>frmChannelAvailabilityManager</Form>
        </DCCReference>
        <DCCReference Include="ueditRoomPrice.pas">
            <Form>frmEditRoomPrice</Form>
        </DCCReference>
        <DCCReference Include="Extras\hData.pas"/>
        <DCCReference Include="uRoomCleanMaintenanceStatus.pas">
            <Form>frmRoomCleanMaintenanceStatus</Form>
        </DCCReference>
        <DCCReference Include="uRunWithElevatedOption.pas"/>
        <DCCReference Include="uRates.pas">
            <Form>frmRates</Form>
        </DCCReference>
        <DCCReference Include="uSeasons2.pas">
            <Form>frmSeasons2</Form>
        </DCCReference>
        <DCCReference Include="uRoomRates.pas">
            <Form>frmRoomRates</Form>
        </DCCReference>
        <DCCReference Include="uRoomTypesGroups2.pas">
            <Form>frmRoomTypesGroups2</Form>
        </DCCReference>
        <DCCReference Include="uRoomTypes2.pas">
            <Form>frmRoomTypes2</Form>
        </DCCReference>
        <DCCReference Include="uRooms3.pas">
            <Form>frmRooms3</Form>
        </DCCReference>
        <DCCReference Include="uCustomers2.pas">
            <Form>frmCustomers2</Form>
        </DCCReference>
        <DCCReference Include="uStaffEdit2.pas">
            <Form>frmStaffEdit2</Form>
        </DCCReference>
        <DCCReference Include="uStaffMembers2.pas">
            <Form>frmStaffMembers2</Form>
        </DCCReference>
        <DCCReference Include="uCustomerEdit2.pas">
            <Form>frmCustomerEdit2</Form>
        </DCCReference>
        <DCCReference Include="uChannels.pas">
            <Form>frmChannels</Form>
        </DCCReference>
        <DCCReference Include="uStaffTypes2.pas">
            <Form>frmStaffTypes2</Form>
        </DCCReference>
        <DCCReference Include="uItems2.pas">
            <Form>frmItems2</Form>
        </DCCReference>
        <DCCReference Include="uItemTypes2.pas">
            <Form>frmItemTypes2</Form>
        </DCCReference>
        <DCCReference Include="uFileSystemUtils.pas"/>
        <DCCReference Include="uFileDependencyManager.pas"/>
        <DCCReference Include="uLocations2.pas">
            <Form>frmLocations</Form>
        </DCCReference>
        <DCCReference Include="uRegistryServices.pas"/>
        <DCCReference Include="uUtils.pas"/>
        <DCCReference Include="uPersonContactType.pas">
            <Form>frmPersonContactType</Form>
        </DCCReference>
        <DCCReference Include="Extras\uSqlDefinitions.pas"/>
        <DCCReference Include="uChannelManager.pas">
            <Form>frmChannelManager</Form>
        </DCCReference>
        <DCCReference Include="uCommunicationTest.pas">
            <Form>frmCommunicationTest</Form>
        </DCCReference>
        <DCCReference Include="uHouseKeeping.pas">
            <Form>frmHouseKeeping</Form>
        </DCCReference>
        <DCCReference Include="uRubbishCollectors.pas"/>
        <DCCReference Include="uRptResStatsRooms.pas">
            <Form>frmRptResStatsRooms</Form>
        </DCCReference>
        <DCCReference Include="uGuestSearch.pas">
            <Form>frmGuestSearch</Form>
        </DCCReference>
        <DCCReference Include="PrjConst.pas"/>
        <DCCReference Include="uRptResStats.pas">
            <Form>frmRptResStats</Form>
        </DCCReference>
        <DCCReference Include="uMultiSelection.pas">
            <Form>frmMultiSelection</Form>
        </DCCReference>
        <DCCReference Include="uVatCodes.pas">
            <Form>frmVatCodes</Form>
        </DCCReference>
        <DCCReference Include="uNationalReport3.pas">
            <Form>frmNationalReport3</Form>
        </DCCReference>
        <DCCReference Include="urptReservationsCust.pas">
            <Form>frmRptReservationsCust</Form>
        </DCCReference>
        <DCCReference Include="uTestData.pas">
            <Form>frmTestData</Form>
        </DCCReference>
        <DCCReference Include="uDImages.pas">
            <Form>DImages</Form>
            <DesignClass>TDataModule</DesignClass>
        </DCCReference>
        <DCCReference Include="uAllotmentToRes.pas">
            <Form>frmAllotmentToRes</Form>
        </DCCReference>
        <DCCReference Include="uColorSelector.pas">
            <Form>frmColorSelector</Form>
        </DCCReference>
        <DCCReference Include="uFrmCntStatistics.pas">
            <Form>frmCntStatistics</Form>
        </DCCReference>
        <DCCReference Include="uFrmCntToday.pas">
            <Form>frmCntToday</Form>
        </DCCReference>
        <DCCReference Include="uFrmChannelTogglingRules.pas">
            <Form>frmChannelTogglingRules</Form>
        </DCCReference>
        <DCCReference Include="uFrmKeyPairSelector.pas">
            <Form>frmKeyPairSelector</Form>
        </DCCReference>
        <DCCReference Include="uCurrencies.pas">
            <Form>frmCurrencies</Form>
        </DCCReference>
        <DCCReference Include="uPersonviptypes.pas">
            <Form>frmPersonviptypes</Form>
        </DCCReference>
        <DCCReference Include="uFrmDaysStatistics.pas">
            <Form>frmDaysStatistics</Form>
        </DCCReference>
        <DCCReference Include="Roomer\XML\performance.pas"/>
        <DCCReference Include="uRptTurnoverAndPayments2.pas">
            <Form>frmRptTurnoverAndPayments2</Form>
        </DCCReference>
        <DCCReference Include="uTaxes.pas">
            <Form>frmTaxes</Form>
        </DCCReference>
        <DCCReference Include="ufDownPayments.pas">
            <Form>frmRptDownPayments</Form>
        </DCCReference>
        <DCCReference Include="uAssignPayment.pas">
            <Form>frmAssignPayment</Form>
        </DCCReference>
        <DCCReference Include="uFrmResources.pas">
            <Form>FrmResources</Form>
        </DCCReference>
        <DCCReference Include="uFrmMessagesTemplates.pas">
            <Form>FrmMessagesTemplates</Form>
        </DCCReference>
        <DCCReference Include="uFrmNotepad.pas">
            <Form>FrmNotepad</Form>
        </DCCReference>
        <DCCReference Include="uFrmGuestReviews.pas">
            <Form>Form6</Form>
        </DCCReference>
        <DCCReference Include="uRptConfirms.pas">
            <Form>frmrptConfirms</Form>
        </DCCReference>
        <DCCReference Include="u2DMatrix.pas">
            <Form>frm2DMatrix</Form>
        </DCCReference>
        <DCCReference Include="uTaxCalc.pas"/>
        <DCCReference Include="uRptResInvoices.pas">
            <Form>frmRptResInvoices</Form>
        </DCCReference>
        <DCCReference Include="uRptManagment.pas">
            <Form>frmRptManagment</Form>
        </DCCReference>
        <DCCReference Include="uRptCustInvoices.pas">
            <Form>frmRptCustInvoices</Form>
        </DCCReference>
        <DCCReference Include="uFrmRBEContainer.pas">
            <Form>FrmRBEContainer</Form>
        </DCCReference>
        <DCCReference Include="uFrmRbePreferences.pas">
            <Form>frmRbePreferences</Form>
        </DCCReference>
        <DCCReference Include="uRptTotallist.pas">
            <Form>frmRptTotallist</Form>
        </DCCReference>
        <DCCReference Include="uFrmRateQuery.pas">
            <Form>FrmRateQuery</Form>
        </DCCReference>
        <DCCReference Include="uChart.pas">
            <Form>frmChart</Form>
        </DCCReference>
        <DCCReference Include="uCustomerTypes2.pas">
            <Form>frmCustomerTypes2</Form>
        </DCCReference>
        <DCCReference Include="uRptbViewer.pas">
            <Form>frmRptbViewer</Form>
        </DCCReference>
        <DCCReference Include="uFrmHandleBookKeepingException.pas">
            <Form>FrmHandleBookKeepingException</Form>
        </DCCReference>
        <DCCReference Include="uFrmEmbeddedHtmlEditor.pas">
            <Form>FrmEmbeddedHtmlEditor</Form>
        </DCCReference>
        <DCCReference Include="uFrmChannelCopyFrom.pas">
            <Form>FrmChannelCopyFrom</Form>
        </DCCReference>
        <DCCReference Include="RoomerVCLs\Source\uRoomerExceptions.pas"/>
        <DCCReference Include="uFrmBackupInvoice.pas">
            <Form>FrmBackupInvoice</Form>
        </DCCReference>
        <DCCReference Include="uPackages.pas">
            <Form>frmPackages</Form>
        </DCCReference>
        <DCCReference Include="uPackageItems.pas">
            <Form>frmPackageItems</Form>
        </DCCReference>
        <DCCReference Include="uFrmPostInvoices.pas">
            <Form>FrmPostInvoices</Form>
        </DCCReference>
        <DCCReference Include="uRoomClassEdit.pas">
            <Form>FrmRoomClassEdit</Form>
        </DCCReference>
        <DCCReference Include="urptReservations.pas">
            <Form>frmRptReservations</Form>
        </DCCReference>
        <DCCReference Include="uRoomerMessageDialog.pas"/>
        <DCCReference Include="uRptBreakfastGuests.pas">
            <Form>frmRptBreakfastGuests</Form>
        </DCCReference>
        <DCCReference Include="uGuestCheckInForm.pas">
            <Form>FrmGuestCheckInForm</Form>
        </DCCReference>
        <DCCReference Include="uLostAndFound.pas">
            <Form>frmLostAndFound</Form>
        </DCCReference>
        <DCCReference Include="uRptGuests.pas">
            <Form>frmRptGuests</Form>
        </DCCReference>
        <DCCReference Include="uRptNotes.pas">
            <Form>frmRptNotes</Form>
        </DCCReference>
        <DCCReference Include="uReservationHintHolder.pas">
            <Form>FrmReservationHintHolder</Form>
        </DCCReference>
        <DCCReference Include="Embeddables\uEmbPeriodView.pas">
            <Form>embPeriodView</Form>
        </DCCReference>
        <DCCReference Include="Embeddables\uEmbOccupancyView.pas">
            <Form>embOccupancyView</Form>
        </DCCReference>
        <DCCReference Include="uEmailingDialog.pas">
            <Form>FrmEmailingDialog</Form>
        </DCCReference>
        <DCCReference Include="uMakeKreditInvoice.pas">
            <Form>frmMakeKreditInvoice</Form>
        </DCCReference>
        <DCCReference Include="uGuestPortfolioEdit.pas">
            <Form>frmGuestPortfolio</Form>
        </DCCReference>
        <DCCReference Include="uGuestProfiles.pas">
            <Form>frmGuestProfiles</Form>
        </DCCReference>
        <DCCReference Include="uBookKeepingCodes.pas">
            <Form>frmBookKeepingCodes</Form>
        </DCCReference>
        <DCCReference Include="uRptBookkeeping.pas">
            <Form>frmRptBookkeeping</Form>
        </DCCReference>
        <DCCReference Include="uReservationEmailingDialog.pas">
            <Form>FrmReservationEmailingDialog</Form>
        </DCCReference>
        <DCCReference Include="uTemplateFiller.pas"/>
        <DCCReference Include="uFrmEditEmailProperties.pas">
            <Form>FrmEditEmailProperties</Form>
        </DCCReference>
        <DCCReference Include="uFrmReservationCancellationDialog.pas">
            <Form>FrmReservationCancellationDialog</Form>
        </DCCReference>
        <DCCReference Include="uGridUtils.pas"/>
        <DCCReference Include="uRptCashier.pas">
            <Form>frmRptCashier</Form>
        </DCCReference>
        <DCCReference Include="uRoomerThreadedRequest.pas"/>
        <DCCReference Include="uGroupGuests.pas">
            <Form>frmGroupGuests</Form>
        </DCCReference>
        <DCCReference Include="uRoomerDefinitions.pas"/>
        <DCCReference Include="uPhoneRates.pas">
            <Form>frmPhoneRates</Form>
        </DCCReference>
        <DCCReference Include="uEditGuest.pas">
            <Form>frmEditGuest</Form>
        </DCCReference>
        <DCCReference Include="RoomerVCLs\Source\uExcelProcessors.pas"/>
        <DCCReference Include="uEmailExcelSheet.pas">
            <Form>FrmEmailExcelSheet</Form>
        </DCCReference>
        <DCCReference Include="uRptTurnoverAndPayments.pas">
            <Form>frmRptTurnoverAndPayments</Form>
        </DCCReference>
        <DCCReference Include="uInvoice2015.pas">
            <Form>FrmInvoice2015</Form>
        </DCCReference>
        <DCCReference Include="uActivityLogs.pas"/>
        <DCCReference Include="uInvoiceContainer.pas"/>
        <DCCReference Include="XmlUtils.pas"/>
        <DCCReference Include="uInvoiceLineEdit.pas">
            <Form>FrmInvoiceLineEdit</Form>
        </DCCReference>
        <DCCReference Include="uFrmMergePortfolios.pas">
            <Form>frmMergePortfolios</Form>
        </DCCReference>
        <DCCReference Include="uStaffCommunication.pas"/>
        <DCCReference Include="uStaffComm.pas">
            <Form>frmStaffComm</Form>
        </DCCReference>
        <DCCReference Include="uDynamicRates.pas"/>
        <DCCReference Include="uFrmCheckOut.pas">
            <Form>FrmCheckOut</Form>
        </DCCReference>
        <DCCReference Include="uFrmStaffNote.pas">
            <Form>FrmStaffNote</Form>
        </DCCReference>
        <DCCReference Include="uFrmMessageViewer.pas">
            <Form>FrmMessageViewer</Form>
        </DCCReference>
        <DCCReference Include="uInvoiceCompare.pas">
            <Form>frmInvoiceCompare</Form>
        </DCCReference>
        <DCCReference Include="Alerts\uAlerts.pas"/>
        <DCCReference Include="Alerts\uFrmAlertEdit.pas">
            <Form>FrmAlertEdit</Form>
        </DCCReference>
        <DCCReference Include="Alerts\uFrmAlertDialog.pas">
            <Form>FrmAlertDialog</Form>
        </DCCReference>
        <DCCReference Include="Alerts\uAlertEditPanel.pas">
            <Form>FrmAlertPanel</Form>
        </DCCReference>
        <DCCReference Include="Customer\uFrmCustomerDepartmentEdit.pas">
            <Form>FrmCustomerDepartmentEdit</Form>
        </DCCReference>
        <DCCReference Include="Customer\uCustomerDepartments.pas"/>
        <DCCReference Include="Persons\uPersons.pas"/>
        <DCCReference Include="uRoomerContainerClasses.pas"/>
        <DCCReference Include="AvailabilityManagement\uAvailabilityPerDay.pas"/>
        <DCCReference Include="Invoice\uInvoiceController.pas"/>
        <DCCReference Include="Extras\VersionInfo.pas"/>
        <DCCReference Include="OfflineReports\uOfflineReportGenerator.pas"/>
        <DCCReference Include="OfflineReports\uOffLineReport.pas"/>
        <DCCReference Include="OfflineReports\uHotelStatusOfflineReport.pas"/>
        <DCCReference Include="OfflineReports\uOfflineReportDesign.pas">
            <Form>BaseOfflineReportDesign</Form>
            <DesignClass>TDataModule</DesignClass>
        </DCCReference>
        <DCCReference Include="OfflineReports\uHotelStatusOfflineReportDesign.pas"/>
        <DCCReference Include="OfflineReports\uOfflineReportGrid.pas">
            <Form>frmOfflineReports</Form>
        </DCCReference>
        <DCCReference Include="Resources\uResourceManagement.pas"/>
        <DCCReference Include="Configs\uFrmSelectCloudConfiguration.pas">
            <Form>FrmSelectCloudConfiguration</Form>
        </DCCReference>
        <DCCReference Include="Rates\uDynamicPricing.pas">
            <Form>frmDynamicPricing</Form>
        </DCCReference>
        <DCCReference Include="uViewDailyRates.pas">
            <Form>FrmViewDailyRates</Form>
        </DCCReference>
        <DCCReference Include="OfflineReports\uHotelArrivalsOfflineReport.pas"/>
        <DCCReference Include="OfflineReports\uHotelArrivalsOfflineReportDesign.pas"/>
        <DCCReference Include="uRptArrivals.pas">
            <Form>frmArrivalsReport</Form>
        </DCCReference>
        <DCCReference Include="StockItems\ufrmReservationExtras.pas"/>
        <DCCReference Include="uRptDepartures.pas">
            <Form>frmDeparturesReport</Form>
        </DCCReference>
        <DCCReference Include="uCurrencyHandler.pas"/>
        <DCCReference Include="RoomerVCLs\Source\uFloatUtils.pas"/>
        <DCCReference Include="uRptStockItems.pas">
            <Form>frmRptStockItems</Form>
        </DCCReference>
        <DCCReference Include="OpenAPI\uOpenAPICaller.pas"/>
        <DCCReference Include="RoomerVCLs\Source\uDateTimeHelper.pas"/>
        <DCCReference Include="uDayClosingTimes.pas"/>
        <DCCReference Include="OpenAPI\uDayClosingTimesAPICaller.pas"/>
        <DCCReference Include="RoomerVCLs\Source\uRoomerHttpClient.pas"/>
        <DCCReference Include="Definitions\uReservationStateDefinitions.pas"/>
        <DCCReference Include="ufrmPaymentReqRoomtypeGroup.pas">
            <Form>frmPaymentReqRoomtypeGroup</Form>
        </DCCReference>
        <DCCReference Include="uRptHouseKeeping.pas"/>
        <DCCReference Include="uReservationStateChangeHandler.pas"/>
        <DCCReference Include="RoomerForm\uRoomerForm.pas">
            <Form>frmBaseRoomerForm</Form>
        </DCCReference>
        <DCCReference Include="Definitions\uBreakfastStateDefinitions.pas"/>
        <DCCReference Include="Definitions\uAccountTypeDefinitions.pas"/>
        <DCCReference Include="OpenAPI\uFinancialReportsAPICaller.pas"/>
        <DCCReference Include="Financials\uRptDailyRevenues.pas">
            <Form>frmRptDailyRevenues</Form>
        </DCCReference>
        <DCCReference Include="uCleaningNotes.pas">
            <Form>frmCleaningNotes</Form>
        </DCCReference>
        <DCCReference Include="uCleaningNotesEdit.pas">
            <Form>frmCleaningNotesEdit</Form>
            <FormType>dfm</FormType>
        </DCCReference>
        <DCCReference Include="Definitions\uMandatoryFieldDefinitions.pas"/>
        <DCCReference Include="Invoice\uInvoiceEntities.pas"/>
        <DCCReference Include="VAT\uVatCalculator.pas"/>
        <None Include="Roomer.todo"/>
        <None Include="notes.txt"/>
        <None Include="Roomer.inc"/>
        <None Include="FastMM\FastMM4Options.inc"/>
        <None Include="Sql\DB_CHANGES_V.1.9.5.0.SQL"/>
        <BuildConfiguration Include="releaseBas">
            <Key>Cfg_4</Key>
            <CfgParent>Base</CfgParent>
        </BuildConfiguration>
        <BuildConfiguration Include="ProfilingBas">
            <Key>Cfg_5</Key>
            <CfgParent>Cfg_3</CfgParent>
        </BuildConfiguration>
        <BuildConfiguration Include="DebugBjorn">
            <Key>Cfg_6</Key>
            <CfgParent>Base</CfgParent>
        </BuildConfiguration>
        <BuildConfiguration Include="Base">
            <Key>Base</Key>
        </BuildConfiguration>
        <BuildConfiguration Include="Debug">
            <Key>Cfg_2</Key>
            <CfgParent>Base</CfgParent>
        </BuildConfiguration>
        <BuildConfiguration Include="DebugBas">
            <Key>Cfg_3</Key>
            <CfgParent>Base</CfgParent>
        </BuildConfiguration>
        <BuildConfiguration Include="Release">
            <Key>Cfg_1</Key>
            <CfgParent>Base</CfgParent>
        </BuildConfiguration>
    </ItemGroup>
    <Import Project="$(BDS)\Bin\CodeGear.Delphi.Targets" Condition="Exists('$(BDS)\Bin\CodeGear.Delphi.Targets')"/>
    <ProjectExtensions>
        <Borland.Personality>Delphi.Personality.12</Borland.Personality>
        <Borland.ProjectType>VCLApplication</Borland.ProjectType>
        <BorlandProject>
            <Delphi.Personality>
                <Source>
                    <Source Name="MainSource">Roomer.dpr</Source>
                </Source>
                <Parameters>
                    <Parameters Name="UseLauncher">False</Parameters>
                    <Parameters Name="LoadAllSymbols">True</Parameters>
                    <Parameters Name="LoadUnspecifiedSymbols">False</Parameters>
                </Parameters>
                <Language>
                    <Language Name="ProjectLang">$0000040F</Language>
                </Language>
                <Excluded_Packages>
                    <Excluded_Packages Name="$(BDSBIN)\dcloffice2k170.bpl">Microsoft Office 2000 Sample Automation Server Wrapper Components</Excluded_Packages>
                    <Excluded_Packages Name="$(BDSBIN)\dclofficexp170.bpl">Microsoft Office XP Sample Automation Server Wrapper Components</Excluded_Packages>
                </Excluded_Packages>
                <VersionInfo>
                    <VersionInfo Name="IncludeVerInfo">False</VersionInfo>
                    <VersionInfo Name="AutoIncBuild">False</VersionInfo>
                    <VersionInfo Name="MajorVer">1</VersionInfo>
                    <VersionInfo Name="MinorVer">9</VersionInfo>
                    <VersionInfo Name="Release">6</VersionInfo>
                    <VersionInfo Name="Build">2</VersionInfo>
                    <VersionInfo Name="Debug">False</VersionInfo>
                    <VersionInfo Name="PreRelease">False</VersionInfo>
                    <VersionInfo Name="Special">False</VersionInfo>
                    <VersionInfo Name="Private">False</VersionInfo>
                    <VersionInfo Name="DLL">False</VersionInfo>
                    <VersionInfo Name="Locale">1043</VersionInfo>
                    <VersionInfo Name="CodePage">1252</VersionInfo>
                </VersionInfo>
                <VersionInfoKeys>
                    <VersionInfoKeys Name="CompanyName"/>
                    <VersionInfoKeys Name="FileDescription"/>
                    <VersionInfoKeys Name="FileVersion">1.0.0.0</VersionInfoKeys>
                    <VersionInfoKeys Name="InternalName"/>
                    <VersionInfoKeys Name="LegalCopyright"/>
                    <VersionInfoKeys Name="LegalTrademarks"/>
                    <VersionInfoKeys Name="OriginalFilename"/>
                    <VersionInfoKeys Name="ProductName"/>
                    <VersionInfoKeys Name="ProductVersion">1.0.0.0</VersionInfoKeys>
                    <VersionInfoKeys Name="Comments"/>
                    <VersionInfoKeys Name="CFBundleName"/>
                    <VersionInfoKeys Name="CFBundleDisplayName"/>
                    <VersionInfoKeys Name="CFBundleIdentifier"/>
                    <VersionInfoKeys Name="CFBundleVersion"/>
                    <VersionInfoKeys Name="CFBundlePackageType"/>
                    <VersionInfoKeys Name="CFBundleSignature"/>
                    <VersionInfoKeys Name="CFBundleAllowMixedLocalizations"/>
                    <VersionInfoKeys Name="CFBundleExecutable"/>
                </VersionInfoKeys>
                <Excluded_Packages>
                    <Excluded_Packages Name="D:\Development\Bpl\Win32\dclfsIBX16.bpl">FastScript 1.9 IBX Components</Excluded_Packages>
                    <Excluded_Packages Name="$(BDSBIN)\dcloffice2k170.bpl">Microsoft Office 2000 Sample Automation Server Wrapper Components</Excluded_Packages>
                    <Excluded_Packages Name="$(BDSBIN)\dclofficexp170.bpl">Microsoft Office XP Sample Automation Server Wrapper Components</Excluded_Packages>
                </Excluded_Packages>
            </Delphi.Personality>
            <Platforms>
                <Platform value="Win32">True</Platform>
                <Platform value="Win64">False</Platform>
            </Platforms>
            <ModelSupport>False</ModelSupport>
        </BorlandProject>
        <ProjectFileVersion>12</ProjectFileVersion>
    </ProjectExtensions>
    <Import Project="$(APPDATA)\Embarcadero\$(BDSAPPDATABASEDIR)\$(PRODUCTVERSION)\UserTools.proj" Condition="Exists('$(APPDATA)\Embarcadero\$(BDSAPPDATABASEDIR)\$(PRODUCTVERSION)\UserTools.proj')"/>
</Project>
